
Microsoft Visual Studio Solution File, Format Version 12.00
# Visual Studio Version 17
VisualStudioVersion = 17.0.31903.59
MinimumVisualStudioVersion = 10.0.40219.1
Project("{9A19103F-16F7-4668-BE54-9A1E7A4F7556}") = "Tests", "Tests\Tests.csproj", "{1AAAD826-F1E9-471A-BE61-AB21B4D34FA8}"
EndProject
Project("{9A19103F-16F7-4668-BE54-9A1E7A4F7556}") = "SSN", "SSN\SSN.csproj", "{926AE3B3-B120-4D6F-A3BC-2D66A797A639}"
EndProject
Global
	GlobalSection(SolutionConfigurationPlatforms) = preSolution
		Debug|Any CPU = Debug|Any CPU
		Release|Any CPU = Release|Any CPU
	EndGlobalSection
	GlobalSection(ProjectConfigurationPlatforms) = postSolution
		{1AAAD826-F1E9-471A-BE61-AB21B4D34FA8}.Debug|Any CPU.ActiveCfg = Debug|Any CPU
		{1AAAD826-F1E9-471A-BE61-AB21B4D34FA8}.Debug|Any CPU.Build.0 = Debug|Any CPU
		{1AAAD826-F1E9-471A-BE61-AB21B4D34FA8}.Release|Any CPU.ActiveCfg = Release|Any CPU
		{1AAAD826-F1E9-471A-BE61-AB21B4D34FA8}.Release|Any CPU.Build.0 = Release|Any CPU
		{926AE3B3-B120-4D6F-A3BC-2D66A797A639}.Debug|Any CPU.ActiveCfg = Debug|Any CPU
		{926AE3B3-B120-4D6F-A3BC-2D66A797A639}.Debug|Any CPU.Build.0 = Debug|Any CPU
		{926AE3B3-B120-4D6F-A3BC-2D66A797A639}.Release|Any CPU.ActiveCfg = Release|Any CPU
		{926AE3B3-B120-4D6F-A3BC-2D66A797A639}.Release|Any CPU.Build.0 = Release|Any CPU
	EndGlobalSection
	GlobalSection(SolutionProperties) = preSolution
		HideSolutionNode = FALSE
	EndGlobalSection
	GlobalSection(ExtensibilityGlobals) = postSolution
		SolutionGuid = {27DAFFC7-A9B6-4BB4-9C06-8CBA60ED5AE5}
	EndGlobalSection
EndGlobal
